{
  "name": "shopify-ftp-integration",
  "version": "1.0.0",
  "lockfileVersion": 3,
  "requires": true,
  "packages": {
    "": {
      "name": "shopify-ftp-integration",
      "version": "1.0.0",
      "license": "ISC",
      "dependencies": {
        "@shopify/admin-api-client": "^0.2.2",
        "basic-ftp": "^5.0.4",
        "csv-parser": "^3.0.0",
        "dotenv": "^16.4.1",
        "papaparse": "^5.4.1"
      }
    },
    "node_modules/@shopify/admin-api-client": {
      "version": "0.2.2",
      "resolved": "https://registry.npmjs.org/@shopify/admin-api-client/-/admin-api-client-0.2.2.tgz",
      "integrity": "sha512-7x79Ras5gbf7U3oVBjFIPF70WUUit3kLF93IMhtTaC9OJ/b9NIeW1w4/+RSJq3FM/7MGQGUkyrrnuNI3nl3Eig==",
      "dependencies": {
        "@shopify/graphql-client": "^0.9.2"
      }
    },
    "node_modules/@shopify/graphql-client": {
      "version": "0.9.2",
      "resolved": "https://registry.npmjs.org/@shopify/graphql-client/-/graphql-client-0.9.2.tgz",
      "integrity": "sha512-Xk7bPA3UsLXFHV6F39t5g8dTVxqPagwJoR+MLYUvCuhlWpDeZW3f/OcgShXPPben5NcnOVV38kj5GVlkvrWqiQ=="
    },
    "node_modules/basic-ftp": {
      "version": "5.0.4",
      "resolved": "https://registry.npmjs.org/basic-ftp/-/basic-ftp-5.0.4.tgz",
      "integrity": "sha512-8PzkB0arJFV4jJWSGOYR+OEic6aeKMu/osRhBULN6RY0ykby6LKhbmuQ5ublvaas5BOwboah5D87nrHyuh8PPA==",
      "engines": {
        "node": ">=10.0.0"
      }
    },
    "node_modules/csv-parser": {
      "version": "3.0.0",
      "resolved": "https://registry.npmjs.org/csv-parser/-/csv-parser-3.0.0.tgz",
      "integrity": "sha512-s6OYSXAK3IdKqYO33y09jhypG/bSDHPuyCme/IdEHfWpLf/jKcpitVFyOC6UemgGk8v7Q5u2XE0vvwmanxhGlQ==",
      "dependencies": {
        "minimist": "^1.2.0"
      },
      "bin": {
        "csv-parser": "bin/csv-parser"
      },
      "engines": {
        "node": ">= 10"
      }
    },
    "node_modules/dotenv": {
      "version": "16.4.1",
      "resolved": "https://registry.npmjs.org/dotenv/-/dotenv-16.4.1.tgz",
      "integrity": "sha512-CjA3y+Dr3FyFDOAMnxZEGtnW9KBR2M0JvvUtXNW+dYJL5ROWxP9DUHCwgFqpMk0OXCc0ljhaNTr2w/kutYIcHQ==",
      "engines": {
        "node": ">=12"
      },
      "funding": {
        "url": "https://github.com/motdotla/dotenv?sponsor=1"
      }
    },
    "node_modules/minimist": {
      "version": "1.2.8",
      "resolved": "https://registry.npmjs.org/minimist/-/minimist-1.2.8.tgz",
      "integrity": "sha512-2yyAR8qBkN3YuheJanUpWC5U3bb5osDywNB8RzDVlDwDHbocAJveqqj1u8+SVD7jkWT4yvsHCpWqqWqAxb0zCA==",
      "funding": {
        "url": "https://github.com/sponsors/ljharb"
      }
    },
    "node_modules/papaparse": {
      "version": "5.4.1",
      "resolved": "https://registry.npmjs.org/papaparse/-/papaparse-5.4.1.tgz",
      "integrity": "sha512-HipMsgJkZu8br23pW15uvo6sib6wne/4woLZPlFf3rpDyMe9ywEXUsuD7+6K9PRkJlVT51j/sCOYDKGGS3ZJrw=="
    }
  }
}
